
Microsoft Visual Studio Solution File, Format Version 12.00
# Visual Studio Version 17
VisualStudioVersion = 17.6.33829.357
MinimumVisualStudioVersion = 10.0.40219.1
Project("{FAE04EC0-301F-11D3-BF4B-00C04F79EFBC}") = "IWantApp", "IWantApp.csproj", "{14403D51-2B69-4E16-BBBA-DEFD705BB3BB}"
EndProject
Global
	GlobalSection(SolutionConfigurationPlatforms) = preSolution
		Debug|Any CPU = Debug|Any CPU
		Release|Any CPU = Release|Any CPU
	EndGlobalSection
	GlobalSection(ProjectConfigurationPlatforms) = postSolution
		{14403D51-2B69-4E16-BBBA-DEFD705BB3BB}.Debug|Any CPU.ActiveCfg = Debug|Any CPU
		{14403D51-2B69-4E16-BBBA-DEFD705BB3BB}.Debug|Any CPU.Build.0 = Debug|Any CPU
		{14403D51-2B69-4E16-BBBA-DEFD705BB3BB}.Release|Any CPU.ActiveCfg = Release|Any CPU
		{14403D51-2B69-4E16-BBBA-DEFD705BB3BB}.Release|Any CPU.Build.0 = Release|Any CPU
	EndGlobalSection
	GlobalSection(SolutionProperties) = preSolution
		HideSolutionNode = FALSE
	EndGlobalSection
	GlobalSection(ExtensibilityGlobals) = postSolution
		SolutionGuid = {7F769DD6-FDF4-4116-A117-9BAD8F2A9ABC}
	EndGlobalSection
EndGlobal
